
Microsoft Visual Studio Solution File, Format Version 12.00
# Visual Studio Version 17
VisualStudioVersion = 17.14.36429.23 d17.14
MinimumVisualStudioVersion = 10.0.40219.1
Project("{FAE04EC0-301F-11D3-BF4B-00C04F79EFBC}") = "TPT-JUEGOS", "TPT-JUEGOS\TPT-JUEGOS.csproj", "{C233E65E-5735-45F7-8273-DA83FC73E65E}"
EndProject
Global
	GlobalSection(SolutionConfigurationPlatforms) = preSolution
		Debug|Any CPU = Debug|Any CPU
		Release|Any CPU = Release|Any CPU
	EndGlobalSection
	GlobalSection(ProjectConfigurationPlatforms) = postSolution
		{C233E65E-5735-45F7-8273-DA83FC73E65E}.Debug|Any CPU.ActiveCfg = Debug|Any CPU
		{C233E65E-5735-45F7-8273-DA83FC73E65E}.Debug|Any CPU.Build.0 = Debug|Any CPU
		{C233E65E-5735-45F7-8273-DA83FC73E65E}.Release|Any CPU.ActiveCfg = Release|Any CPU
		{C233E65E-5735-45F7-8273-DA83FC73E65E}.Release|Any CPU.Build.0 = Release|Any CPU
	EndGlobalSection
	GlobalSection(SolutionProperties) = preSolution
		HideSolutionNode = FALSE
	EndGlobalSection
	GlobalSection(ExtensibilityGlobals) = postSolution
		SolutionGuid = {331261A4-8527-404F-BEBA-0BB766A507B8}
	EndGlobalSection
EndGlobal
